
Microsoft Visual Studio Solution File, Format Version 12.00
# Visual Studio 15
VisualStudioVersion = 15.0.27130.2010
MinimumVisualStudioVersion = 10.0.40219.1
Project("{9A19103F-16F7-4668-BE54-9A1E7A4F7556}") = "VolatilePhysics", "VolatilePhysics\VolatilePhysics.csproj", "{22681465-4B54-40DF-81CF-E6787FFCB320}"
EndProject
Global
	GlobalSection(SolutionConfigurationPlatforms) = preSolution
		Debug Standalone|Any CPU = Debug Standalone|Any CPU
		Debug Unity|Any CPU = Debug Unity|Any CPU
		Release Standalone|Any CPU = Release Standalone|Any CPU
		Release Unity|Any CPU = Release Unity|Any CPU
	EndGlobalSection
	GlobalSection(ProjectConfigurationPlatforms) = postSolution
		{22681465-4B54-40DF-81CF-E6787FFCB320}.Debug Standalone|Any CPU.ActiveCfg = Debug|Any CPU
		{22681465-4B54-40DF-81CF-E6787FFCB320}.Debug Standalone|Any CPU.Build.0 = Debug|Any CPU
		{22681465-4B54-40DF-81CF-E6787FFCB320}.Debug Unity|Any CPU.ActiveCfg = Debug|Any CPU
		{22681465-4B54-40DF-81CF-E6787FFCB320}.Debug Unity|Any CPU.Build.0 = Debug|Any CPU
		{22681465-4B54-40DF-81CF-E6787FFCB320}.Release Standalone|Any CPU.ActiveCfg = Release|Any CPU
		{22681465-4B54-40DF-81CF-E6787FFCB320}.Release Standalone|Any CPU.Build.0 = Release|Any CPU
		{22681465-4B54-40DF-81CF-E6787FFCB320}.Release Unity|Any CPU.ActiveCfg = Release|Any CPU
		{22681465-4B54-40DF-81CF-E6787FFCB320}.Release Unity|Any CPU.Build.0 = Release|Any CPU
	EndGlobalSection
	GlobalSection(SolutionProperties) = preSolution
		HideSolutionNode = FALSE
	EndGlobalSection
	GlobalSection(ExtensibilityGlobals) = postSolution
		SolutionGuid = {40849B5A-4E82-4A9E-B8AC-AA59AE4C80EA}
	EndGlobalSection
EndGlobal
